
Microsoft Visual Studio Solution File, Format Version 12.00
# Visual Studio Version 17
VisualStudioVersion = 17.4.33213.308
MinimumVisualStudioVersion = 10.0.40219.1
Project("{FAE04EC0-301F-11D3-BF4B-00C04F79EFBC}") = "mvc-app", "mvc-app\mvc-app.csproj", "{C5C31E35-C1D3-4FDC-8A06-C5BB7AEA3638}"
EndProject
Global
	GlobalSection(SolutionConfigurationPlatforms) = preSolution
		Debug|Any CPU = Debug|Any CPU
		Release|Any CPU = Release|Any CPU
	EndGlobalSection
	GlobalSection(ProjectConfigurationPlatforms) = postSolution
		{C5C31E35-C1D3-4FDC-8A06-C5BB7AEA3638}.Debug|Any CPU.ActiveCfg = Debug|Any CPU
		{C5C31E35-C1D3-4FDC-8A06-C5BB7AEA3638}.Debug|Any CPU.Build.0 = Debug|Any CPU
		{C5C31E35-C1D3-4FDC-8A06-C5BB7AEA3638}.Release|Any CPU.ActiveCfg = Release|Any CPU
		{C5C31E35-C1D3-4FDC-8A06-C5BB7AEA3638}.Release|Any CPU.Build.0 = Release|Any CPU
	EndGlobalSection
	GlobalSection(SolutionProperties) = preSolution
		HideSolutionNode = FALSE
	EndGlobalSection
	GlobalSection(ExtensibilityGlobals) = postSolution
		SolutionGuid = {74E6ED58-17D1-4D04-8AC1-392D8797D5D9}
	EndGlobalSection
EndGlobal
